{
  "name": "altcampus-assignment",
  "version": "1.0.0",
  "lockfileVersion": 3,
  "requires": true,
  "packages": {
    "": {
      "name": "altcampus-assignment",
      "version": "1.0.0",
      "license": "GNU GPL V3",
      "dependencies": {
        "altcampus-assignment": "file:"
      }
    },
    "node_modules/altcampus-assignment": {
      "resolved": "",
      "link": true
    }
  }
}
